// !$*UTF8*$!
{
	archiveVersion = 1;
	classes = {
	};
	objectVersion = 46;
	objects = {

/* Begin PBXBuildFile section */
		432F3FAF1B154D09003B443E /* AppDelegate.swift in Sources */ = {isa = PBXBuildFile; fileRef = 432F3FAE1B154D09003B443E /* AppDelegate.swift */; };
		432F3FB11B154D09003B443E /* ViewController.swift in Sources */ = {isa = PBXBuildFile; fileRef = 432F3FB01B154D09003B443E /* ViewController.swift */; };
		432F3FB41B154D09003B443E /* Main.storyboard in Resources */ = {isa = PBXBuildFile; fileRef = 432F3FB21B154D09003B443E /* Main.storyboard */; };
		432F3FB61B154D09003B443E /* Images.xcassets in Resources */ = {isa = PBXBuildFile; fileRef = 432F3FB51B154D09003B443E /* Images.xcassets */; };
		432F3FB91B154D09003B443E /* LaunchScreen.xib in Resources */ = {isa = PBXBuildFile; fileRef = 432F3FB71B154D09003B443E /* LaunchScreen.xib */; };
		432F3FC51B154D09003B443E /* AdaptiveWeatherTests.swift in Sources */ = {isa = PBXBuildFile; fileRef = 432F3FC41B154D09003B443E /* AdaptiveWeatherTests.swift */; };
		432F3FCF1B15F998003B443E /* CoreLocation.framework in Frameworks */ = {isa = PBXBuildFile; fileRef = 432F3FCE1B15F998003B443E /* CoreLocation.framework */; };
		432F3FD11B15FD04003B443E /* SwiftyJSON.swift in Sources */ = {isa = PBXBuildFile; fileRef = 432F3FD01B15FD04003B443E /* SwiftyJSON.swift */; };
		43E0B8DB1B1BC0BC00E15311 /* ForecastViewController.swift in Sources */ = {isa = PBXBuildFile; fileRef = 43E0B8DA1B1BC0BC00E15311 /* ForecastViewController.swift */; };
		43E0B8DD1B1BE13600E15311 /* LocationManager.swift in Sources */ = {isa = PBXBuildFile; fileRef = 43E0B8DC1B1BE13600E15311 /* LocationManager.swift */; };
		43E0B8DF1B1BF32B00E15311 /* DailyWeatherCollectionViewCell.swift in Sources */ = {isa = PBXBuildFile; fileRef = 43E0B8DE1B1BF32B00E15311 /* DailyWeatherCollectionViewCell.swift */; };
/* End PBXBuildFile section */

/* Begin PBXContainerItemProxy section */
		432F3FBF1B154D09003B443E /* PBXContainerItemProxy */ = {
			isa = PBXContainerItemProxy;
			containerPortal = 432F3FA11B154D09003B443E /* Project object */;
			proxyType = 1;
			remoteGlobalIDString = 432F3FA81B154D09003B443E;
			remoteInfo = AdaptiveWeather;
		};
/* End PBXContainerItemProxy section */

/* Begin PBXFileReference section */
		432F3FA91B154D09003B443E /* AdaptiveWeather.app */ = {isa = PBXFileReference; explicitFileType = wrapper.application; includeInIndex = 0; path = AdaptiveWeather.app; sourceTree = BUILT_PRODUCTS_DIR; };
		432F3FAD1B154D09003B443E /* Info.plist */ = {isa = PBXFileReference; lastKnownFileType = text.plist.xml; path = Info.plist; sourceTree = "<group>"; };
		432F3FAE1B154D09003B443E /* AppDelegate.swift */ = {isa = PBXFileReference; lastKnownFileType = sourcecode.swift; path = AppDelegate.swift; sourceTree = "<group>"; };
		432F3FB01B154D09003B443E /* ViewController.swift */ = {isa = PBXFileReference; lastKnownFileType = sourcecode.swift; path = ViewController.swift; sourceTree = "<group>"; };
		432F3FB31B154D09003B443E /* Base */ = {isa = PBXFileReference; lastKnownFileType = file.storyboard; name = Base; path = Base.lproj/Main.storyboard; sourceTree = "<group>"; };
		432F3FB51B154D09003B443E /* Images.xcassets */ = {isa = PBXFileReference; lastKnownFileType = folder.assetcatalog; path = Images.xcassets; sourceTree = "<group>"; };
		432F3FB81B154D09003B443E /* Base */ = {isa = PBXFileReference; lastKnownFileType = file.xib; name = Base; path = Base.lproj/LaunchScreen.xib; sourceTree = "<group>"; };
		432F3FBE1B154D09003B443E /* AdaptiveWeatherTests.xctest */ = {isa = PBXFileReference; explicitFileType = wrapper.cfbundle; includeInIndex = 0; path = AdaptiveWeatherTests.xctest; sourceTree = BUILT_PRODUCTS_DIR; };
		432F3FC31B154D09003B443E /* Info.plist */ = {isa = PBXFileReference; lastKnownFileType = text.plist.xml; path = Info.plist; sourceTree = "<group>"; };
		432F3FC41B154D09003B443E /* AdaptiveWeatherTests.swift */ = {isa = PBXFileReference; lastKnownFileType = sourcecode.swift; path = AdaptiveWeatherTests.swift; sourceTree = "<group>"; };
		432F3FCE1B15F998003B443E /* CoreLocation.framework */ = {isa = PBXFileReference; lastKnownFileType = wrapper.framework; name = CoreLocation.framework; path = System/Library/Frameworks/CoreLocation.framework; sourceTree = SDKROOT; };
		432F3FD01B15FD04003B443E /* SwiftyJSON.swift */ = {isa = PBXFileReference; fileEncoding = 4; lastKnownFileType = sourcecode.swift; path = SwiftyJSON.swift; sourceTree = "<group>"; };
		43E0B8DA1B1BC0BC00E15311 /* ForecastViewController.swift */ = {isa = PBXFileReference; fileEncoding = 4; lastKnownFileType = sourcecode.swift; path = ForecastViewController.swift; sourceTree = "<group>"; };
		43E0B8DC1B1BE13600E15311 /* LocationManager.swift */ = {isa = PBXFileReference; fileEncoding = 4; lastKnownFileType = sourcecode.swift; path = LocationManager.swift; sourceTree = "<group>"; };
		43E0B8DE1B1BF32B00E15311 /* DailyWeatherCollectionViewCell.swift */ = {isa = PBXFileReference; fileEncoding = 4; lastKnownFileType = sourcecode.swift; path = DailyWeatherCollectionViewCell.swift; sourceTree = "<group>"; };
/* End PBXFileReference section */

/* Begin PBXFrameworksBuildPhase section */
		432F3FA61B154D09003B443E /* Frameworks */ = {
			isa = PBXFrameworksBuildPhase;
			buildActionMask = 2147483647;
			files = (
				432F3FCF1B15F998003B443E /* CoreLocation.framework in Frameworks */,
			);
			runOnlyForDeploymentPostprocessing = 0;
		};
		432F3FBB1B154D09003B443E /* Frameworks */ = {
			isa = PBXFrameworksBuildPhase;
			buildActionMask = 2147483647;
			files = (
			);
			runOnlyForDeploymentPostprocessing = 0;
		};
/* End PBXFrameworksBuildPhase section */

/* Begin PBXGroup section */
		432F3FA01B154D09003B443E = {
			isa = PBXGroup;
			children = (
				432F3FCE1B15F998003B443E /* CoreLocation.framework */,
				432F3FAB1B154D09003B443E /* AdaptiveWeather */,
				432F3FC11B154D09003B443E /* AdaptiveWeatherTests */,
				432F3FAA1B154D09003B443E /* Products */,
			);
			sourceTree = "<group>";
		};
		432F3FAA1B154D09003B443E /* Products */ = {
			isa = PBXGroup;
			children = (
				432F3FA91B154D09003B443E /* AdaptiveWeather.app */,
				432F3FBE1B154D09003B443E /* AdaptiveWeatherTests.xctest */,
			);
			name = Products;
			sourceTree = "<group>";
		};
		432F3FAB1B154D09003B443E /* AdaptiveWeather */ = {
			isa = PBXGroup;
			children = (
				432F3FAE1B154D09003B443E /* AppDelegate.swift */,
				43E0B8DC1B1BE13600E15311 /* LocationManager.swift */,
				43E0B8DA1B1BC0BC00E15311 /* ForecastViewController.swift */,
				432F3FB01B154D09003B443E /* ViewController.swift */,
				432F3FD01B15FD04003B443E /* SwiftyJSON.swift */,
				43E0B8DE1B1BF32B00E15311 /* DailyWeatherCollectionViewCell.swift */,
				432F3FB21B154D09003B443E /* Main.storyboard */,
				432F3FB51B154D09003B443E /* Images.xcassets */,
				432F3FB71B154D09003B443E /* LaunchScreen.xib */,
				432F3FAC1B154D09003B443E /* Supporting Files */,
			);
			path = AdaptiveWeather;
			sourceTree = "<group>";
		};
		432F3FAC1B154D09003B443E /* Supporting Files */ = {
			isa = PBXGroup;
			children = (
				432F3FAD1B154D09003B443E /* Info.plist */,
			);
			name = "Supporting Files";
			sourceTree = "<group>";
		};
		432F3FC11B154D09003B443E /* AdaptiveWeatherTests */ = {
			isa = PBXGroup;
			children = (
				432F3FC41B154D09003B443E /* AdaptiveWeatherTests.swift */,
				432F3FC21B154D09003B443E /* Supporting Files */,
			);
			path = AdaptiveWeatherTests;
			sourceTree = "<group>";
		};
		432F3FC21B154D09003B443E /* Supporting Files */ = {
			isa = PBXGroup;
			children = (
				432F3FC31B154D09003B443E /* Info.plist */,
			);
			name = "Supporting Files";
			sourceTree = "<group>";
		};
/* End PBXGroup section */

/* Begin PBXNativeTarget section */
		432F3FA81B154D09003B443E /* AdaptiveWeather */ = {
			isa = PBXNativeTarget;
			buildConfigurationList = 432F3FC81B154D09003B443E /* Build configuration list for PBXNativeTarget "AdaptiveWeather" */;
			buildPhases = (
				432F3FA51B154D09003B443E /* Sources */,
				432F3FA61B154D09003B443E /* Frameworks */,
				432F3FA71B154D09003B443E /* Resources */,
			);
			buildRules = (
			);
			dependencies = (
			);
			name = AdaptiveWeather;
			productName = AdaptiveWeather;
			productReference = 432F3FA91B154D09003B443E /* AdaptiveWeather.app */;
			productType = "com.apple.product-type.application";
		};
		432F3FBD1B154D09003B443E /* AdaptiveWeatherTests */ = {
			isa = PBXNativeTarget;
			buildConfigurationList = 432F3FCB1B154D09003B443E /* Build configuration list for PBXNativeTarget "AdaptiveWeatherTests" */;
			buildPhases = (
				432F3FBA1B154D09003B443E /* Sources */,
				432F3FBB1B154D09003B443E /* Frameworks */,
				432F3FBC1B154D09003B443E /* Resources */,
			);
			buildRules = (
			);
			dependencies = (
				432F3FC01B154D09003B443E /* PBXTargetDependency */,
			);
			name = AdaptiveWeatherTests;
			productName = AdaptiveWeatherTests;
			productReference = 432F3FBE1B154D09003B443E /* AdaptiveWeatherTests.xctest */;
			productType = "com.apple.product-type.bundle.unit-test";
		};
/* End PBXNativeTarget section */

/* Begin PBXProject section */
		432F3FA11B154D09003B443E /* Project object */ = {
			isa = PBXProject;
			attributes = {
				LastUpgradeCheck = 0630;
				ORGANIZATIONNAME = Appsbyahrens;
				TargetAttributes = {
					432F3FA81B154D09003B443E = {
						CreatedOnToolsVersion = 6.3.2;
					};
					432F3FBD1B154D09003B443E = {
						CreatedOnToolsVersion = 6.3.2;
						TestTargetID = 432F3FA81B154D09003B443E;
					};
				};
			};
			buildConfigurationList = 432F3FA41B154D09003B443E /* Build configuration list for PBXProject "AdaptiveWeather" */;
			compatibilityVersion = "Xcode 3.2";
			developmentRegion = English;
			hasScannedForEncodings = 0;
			knownRegions = (
				en,
				Base,
			);
			mainGroup = 432F3FA01B154D09003B443E;
			productRefGroup = 432F3FAA1B154D09003B443E /* Products */;
			projectDirPath = "";
			projectRoot = "";
			targets = (
				432F3FA81B154D09003B443E /* AdaptiveWeather */,
				432F3FBD1B154D09003B443E /* AdaptiveWeatherTests */,
			);
		};
/* End PBXProject section */

/* Begin PBXResourcesBuildPhase section */
		432F3FA71B154D09003B443E /* Resources */ = {
			isa = PBXResourcesBuildPhase;
			buildActionMask = 2147483647;
			files = (
				432F3FB41B154D09003B443E /* Main.storyboard in Resources */,
				432F3FB91B154D09003B443E /* LaunchScreen.xib in Resources */,
				432F3FB61B154D09003B443E /* Images.xcassets in Resources */,
			);
			runOnlyForDeploymentPostprocessing = 0;
		};
		432F3FBC1B154D09003B443E /* Resources */ = {
			isa = PBXResourcesBuildPhase;
			buildActionMask = 2147483647;
			files = (
			);
			runOnlyForDeploymentPostprocessing = 0;
		};
/* End PBXResourcesBuildPhase section */

/* Begin PBXSourcesBuildPhase section */
		432F3FA51B154D09003B443E /* Sources */ = {
			isa = PBXSourcesBuildPhase;
			buildActionMask = 2147483647;
			files = (
				432F3FD11B15FD04003B443E /* SwiftyJSON.swift in Sources */,
				43E0B8DF1B1BF32B00E15311 /* DailyWeatherCollectionViewCell.swift in Sources */,
				43E0B8DB1B1BC0BC00E15311 /* ForecastViewController.swift in Sources */,
				43E0B8DD1B1BE13600E15311 /* LocationManager.swift in Sources */,
				432F3FB11B154D09003B443E /* ViewController.swift in Sources */,
				432F3FAF1B154D09003B443E /* AppDelegate.swift in Sources */,
			);
			runOnlyForDeploymentPostprocessing = 0;
		};
		432F3FBA1B154D09003B443E /* Sources */ = {
			isa = PBXSourcesBuildPhase;
			buildActionMask = 2147483647;
			files = (
				432F3FC51B154D09003B443E /* AdaptiveWeatherTests.swift in Sources */,
			);
			runOnlyForDeploymentPostprocessing = 0;
		};
/* End PBXSourcesBuildPhase section */

/* Begin PBXTargetDependency section */
		432F3FC01B154D09003B443E /* PBXTargetDependency */ = {
			isa = PBXTargetDependency;
			target = 432F3FA81B154D09003B443E /* AdaptiveWeather */;
			targetProxy = 432F3FBF1B154D09003B443E /* PBXContainerItemProxy */;
		};
/* End PBXTargetDependency section */

/* Begin PBXVariantGroup section */
		432F3FB21B154D09003B443E /* Main.storyboard */ = {
			isa = PBXVariantGroup;
			children = (
				432F3FB31B154D09003B443E /* Base */,
			);
			name = Main.storyboard;
			sourceTree = "<group>";
		};
		432F3FB71B154D09003B443E /* LaunchScreen.xib */ = {
			isa = PBXVariantGroup;
			children = (
				432F3FB81B154D09003B443E /* Base */,
			);
			name = LaunchScreen.xib;
			sourceTree = "<group>";
		};
/* End PBXVariantGroup section */

/* Begin XCBuildConfiguration section */
		432F3FC61B154D09003B443E /* Debug */ = {
			isa = XCBuildConfiguration;
			buildSettings = {
				ALWAYS_SEARCH_USER_PATHS = NO;
				CLANG_CXX_LANGUAGE_STANDARD = "gnu++0x";
				CLANG_CXX_LIBRARY = "libc++";
				CLANG_ENABLE_MODULES = YES;
				CLANG_ENABLE_OBJC_ARC = YES;
				CLANG_WARN_BOOL_CONVERSION = YES;
				CLANG_WARN_CONSTANT_CONVERSION = YES;
				CLANG_WARN_DIRECT_OBJC_ISA_USAGE = YES_ERROR;
				CLANG_WARN_EMPTY_BODY = YES;
				CLANG_WARN_ENUM_CONVERSION = YES;
				CLANG_WARN_INT_CONVERSION = YES;
				CLANG_WARN_OBJC_ROOT_CLASS = YES_ERROR;
				CLANG_WARN_UNREACHABLE_CODE = YES;
				CLANG_WARN__DUPLICATE_METHOD_MATCH = YES;
				"CODE_SIGN_IDENTITY[sdk=iphoneos*]" = "iPhone Developer";
				COPY_PHASE_STRIP = NO;
				DEBUG_INFORMATION_FORMAT = "dwarf-with-dsym";
				ENABLE_STRICT_OBJC_MSGSEND = YES;
				GCC_C_LANGUAGE_STANDARD = gnu99;
				GCC_DYNAMIC_NO_PIC = NO;
				GCC_NO_COMMON_BLOCKS = YES;
				GCC_OPTIMIZATION_LEVEL = 0;
				GCC_PREPROCESSOR_DEFINITIONS = (
					"DEBUG=1",
					"$(inherited)",
				);
				GCC_SYMBOLS_PRIVATE_EXTERN = NO;
				GCC_WARN_64_TO_32_BIT_CONVERSION = YES;
				GCC_WARN_ABOUT_RETURN_TYPE = YES_ERROR;
				GCC_WARN_UNDECLARED_SELECTOR = YES;
				GCC_WARN_UNINITIALIZED_AUTOS = YES_AGGRESSIVE;
				GCC_WARN_UNUSED_FUNCTION = YES;
				GCC_WARN_UNUSED_VARIABLE = YES;
				IPHONEOS_DEPLOYMENT_TARGET = 8.3;
				MTL_ENABLE_DEBUG_INFO = YES;
				ONLY_ACTIVE_ARCH = YES;
				SDKROOT = iphoneos;
				SWIFT_OPTIMIZATION_LEVEL = "-Onone";
				TARGETED_DEVICE_FAMILY = "1,2";
			};
			name = Debug;
		};
		432F3FC71B154D09003B443E /* Release */ = {
			isa = XCBuildConfiguration;
			buildSettings = {
				ALWAYS_SEARCH_USER_PATHS = NO;
				CLANG_CXX_LANGUAGE_STANDARD = "gnu++0x";
				CLANG_CXX_LIBRARY = "libc++";
				CLANG_ENABLE_MODULES = YES;
				CLANG_ENABLE_OBJC_ARC = YES;
				CLANG_WARN_BOOL_CONVERSION = YES;
				CLANG_WARN_CONSTANT_CONVERSION = YES;
				CLANG_WARN_DIRECT_OBJC_ISA_USAGE = YES_ERROR;
				CLANG_WARN_EMPTY_BODY = YES;
				CLANG_WARN_ENUM_CONVERSION = YES;
				CLANG_WARN_INT_CONVERSION = YES;
				CLANG_WARN_OBJC_ROOT_CLASS = YES_ERROR;
				CLANG_WARN_UNREACHABLE_CODE = YES;
				CLANG_WARN__DUPLICATE_METHOD_MATCH = YES;
				"CODE_SIGN_IDENTITY[sdk=iphoneos*]" = "iPhone Developer";
				COPY_PHASE_STRIP = NO;
				DEBUG_INFORMATION_FORMAT = "dwarf-with-dsym";
				ENABLE_NS_ASSERTIONS = NO;
				ENABLE_STRICT_OBJC_MSGSEND = YES;
				GCC_C_LANGUAGE_STANDARD = gnu99;
				GCC_NO_COMMON_BLOCKS = YES;
				GCC_WARN_64_TO_32_BIT_CONVERSION = YES;
				GCC_WARN_ABOUT_RETURN_TYPE = YES_ERROR;
				GCC_WARN_UNDECLARED_SELECTOR = YES;
				GCC_WARN_UNINITIALIZED_AUTOS = YES_AGGRESSIVE;
				GCC_WARN_UNUSED_FUNCTION = YES;
				GCC_WARN_UNUSED_VARIABLE = YES;
				IPHONEOS_DEPLOYMENT_TARGET = 8.3;
				MTL_ENABLE_DEBUG_INFO = NO;
				SDKROOT = iphoneos;
				TARGETED_DEVICE_FAMILY = "1,2";
				VALIDATE_PRODUCT = YES;
			};
			name = Release;
		};
		432F3FC91B154D09003B443E /* Debug */ = {
			isa = XCBuildConfiguration;
			buildSettings = {
				ASSETCATALOG_COMPILER_APPICON_NAME = AppIcon;
				INFOPLIST_FILE = AdaptiveWeather/Info.plist;
				LD_RUNPATH_SEARCH_PATHS = "$(inherited) @executable_path/Frameworks";
				PRODUCT_NAME = "$(TARGET_NAME)";
			};
			name = Debug;
		};
		432F3FCA1B154D09003B443E /* Release */ = {
			isa = XCBuildConfiguration;
			buildSettings = {
				ASSETCATALOG_COMPILER_APPICON_NAME = AppIcon;
				INFOPLIST_FILE = AdaptiveWeather/Info.plist;
				LD_RUNPATH_SEARCH_PATHS = "$(inherited) @executable_path/Frameworks";
				PRODUCT_NAME = "$(TARGET_NAME)";
			};
			name = Release;
		};
		432F3FCC1B154D09003B443E /* Debug */ = {
			isa = XCBuildConfiguration;
			buildSettings = {
				BUNDLE_LOADER = "$(TEST_HOST)";
				FRAMEWORK_SEARCH_PATHS = (
					"$(SDKROOT)/Developer/Library/Frameworks",
					"$(inherited)",
				);
				GCC_PREPROCESSOR_DEFINITIONS = (
					"DEBUG=1",
					"$(inherited)",
				);
				INFOPLIST_FILE = AdaptiveWeatherTests/Info.plist;
				LD_RUNPATH_SEARCH_PATHS = "$(inherited) @executable_path/Frameworks @loader_path/Frameworks";
				PRODUCT_NAME = "$(TARGET_NAME)";
				TEST_HOST = "$(BUILT_PRODUCTS_DIR)/AdaptiveWeather.app/AdaptiveWeather";
			};
			name = Debug;
		};
		432F3FCD1B154D09003B443E /* Release */ = {
			isa = XCBuildConfiguration;
			buildSettings = {
				BUNDLE_LOADER = "$(TEST_HOST)";
				FRAMEWORK_SEARCH_PATHS = (
					"$(SDKROOT)/Developer/Library/Frameworks",
					"$(inherited)",
				);
				INFOPLIST_FILE = AdaptiveWeatherTests/Info.plist;
				LD_RUNPATH_SEARCH_PATHS = "$(inherited) @executable_path/Frameworks @loader_path/Frameworks";
				PRODUCT_NAME = "$(TARGET_NAME)";
				TEST_HOST = "$(BUILT_PRODUCTS_DIR)/AdaptiveWeather.app/AdaptiveWeather";
			};
			name = Release;
		};
/* End XCBuildConfiguration section */

/* Begin XCConfigurationList section */
		432F3FA41B154D09003B443E /* Build configuration list for PBXProject "AdaptiveWeather" */ = {
			isa = XCConfigurationList;
			buildConfigurations = (
				432F3FC61B154D09003B443E /* Debug */,
				432F3FC71B154D09003B443E /* Release */,
			);
			defaultConfigurationIsVisible = 0;
			defaultConfigurationName = Release;
		};
		432F3FC81B154D09003B443E /* Build configuration list for PBXNativeTarget "AdaptiveWeather" */ = {
			isa = XCConfigurationList;
			buildConfigurations = (
				432F3FC91B154D09003B443E /* Debug */,
				432F3FCA1B154D09003B443E /* Release */,
			);
			defaultConfigurationIsVisible = 0;
			defaultConfigurationName = Release;
		};
		432F3FCB1B154D09003B443E /* Build configuration list for PBXNativeTarget "AdaptiveWeatherTests" */ = {
			isa = XCConfigurationList;
			buildConfigurations = (
				432F3FCC1B154D09003B443E /* Debug */,
				432F3FCD1B154D09003B443E /* Release */,
			);
			defaultConfigurationIsVisible = 0;
			defaultConfigurationName = Release;
		};
/* End XCConfigurationList section */
	};
	rootObject = 432F3FA11B154D09003B443E /* Project object */;
}
